
Microsoft Visual Studio Solution File, Format Version 12.00
# Visual Studio Version 17
VisualStudioVersion = 17.4.33110.190
MinimumVisualStudioVersion = 10.0.40219.1
Project("{FAE04EC0-301F-11D3-BF4B-00C04F79EFBC}") = "test_demo_exam_04", "test_demo_exam_04.csproj", "{65B0F62C-DF2C-4976-B378-9A13B6328E57}"
EndProject
Project("{FAE04EC0-301F-11D3-BF4B-00C04F79EFBC}") = "UnitTestProject1", "..\UnitTestProject1\UnitTestProject1.csproj", "{9195CE66-BDB2-44E9-BFBF-1537C46833FC}"
EndProject
Global
	GlobalSection(SolutionConfigurationPlatforms) = preSolution
		Debug|Any CPU = Debug|Any CPU
		Release|Any CPU = Release|Any CPU
	EndGlobalSection
	GlobalSection(ProjectConfigurationPlatforms) = postSolution
		{65B0F62C-DF2C-4976-B378-9A13B6328E57}.Debug|Any CPU.ActiveCfg = Debug|Any CPU
		{65B0F62C-DF2C-4976-B378-9A13B6328E57}.Debug|Any CPU.Build.0 = Debug|Any CPU
		{65B0F62C-DF2C-4976-B378-9A13B6328E57}.Release|Any CPU.ActiveCfg = Release|Any CPU
		{65B0F62C-DF2C-4976-B378-9A13B6328E57}.Release|Any CPU.Build.0 = Release|Any CPU
		{9195CE66-BDB2-44E9-BFBF-1537C46833FC}.Debug|Any CPU.ActiveCfg = Debug|Any CPU
		{9195CE66-BDB2-44E9-BFBF-1537C46833FC}.Debug|Any CPU.Build.0 = Debug|Any CPU
		{9195CE66-BDB2-44E9-BFBF-1537C46833FC}.Release|Any CPU.ActiveCfg = Release|Any CPU
		{9195CE66-BDB2-44E9-BFBF-1537C46833FC}.Release|Any CPU.Build.0 = Release|Any CPU
	EndGlobalSection
	GlobalSection(SolutionProperties) = preSolution
		HideSolutionNode = FALSE
	EndGlobalSection
	GlobalSection(ExtensibilityGlobals) = postSolution
		SolutionGuid = {C3946CC4-519D-4113-8B00-0CECA9269829}
	EndGlobalSection
EndGlobal
